
Microsoft Visual Studio Solution File, Format Version 12.00
# Visual Studio Version 17
VisualStudioVersion = 17.6.33723.286
MinimumVisualStudioVersion = 10.0.40219.1
Project("{FAE04EC0-301F-11D3-BF4B-00C04F79EFBC}") = "c-sharp-task-SchoolManagementSystem", "c-sharp-task-SchoolManagementSystem\c-sharp-task-SchoolManagementSystem.csproj", "{681173B2-E46F-4350-A0EA-FE2C3DEEDE8A}"
EndProject
Global
	GlobalSection(SolutionConfigurationPlatforms) = preSolution
		Debug|Any CPU = Debug|Any CPU
		Release|Any CPU = Release|Any CPU
	EndGlobalSection
	GlobalSection(ProjectConfigurationPlatforms) = postSolution
		{681173B2-E46F-4350-A0EA-FE2C3DEEDE8A}.Debug|Any CPU.ActiveCfg = Debug|Any CPU
		{681173B2-E46F-4350-A0EA-FE2C3DEEDE8A}.Debug|Any CPU.Build.0 = Debug|Any CPU
		{681173B2-E46F-4350-A0EA-FE2C3DEEDE8A}.Release|Any CPU.ActiveCfg = Release|Any CPU
		{681173B2-E46F-4350-A0EA-FE2C3DEEDE8A}.Release|Any CPU.Build.0 = Release|Any CPU
	EndGlobalSection
	GlobalSection(SolutionProperties) = preSolution
		HideSolutionNode = FALSE
	EndGlobalSection
	GlobalSection(ExtensibilityGlobals) = postSolution
		SolutionGuid = {F0F3C023-E99E-4F53-83EF-5047C2728E51}
	EndGlobalSection
EndGlobal
